github.com/aFarkas/lazysizes v0.0.0-20210408151554-27c7ceb7d737/go.mod h1:xl3heUINAn0oPowV1biDQ2Pyw1w3x66I7KEbWkaxox0=
github.com/hugo-mods/lazyimg v0.0.0-20211204103006-f8df703cfde3 h1:oHkDP/qoX2nAXnqkKcJu7WtVtKf7PMlgF13Q5O+WQt4=
github.com/hugo-mods/lazyimg v0.0.0-20211204103006-f8df703cfde3/go.mod h1:mUw/5rIlzxiJfDnKsFnZAITZ29I7n3QeDd8WwGsBmTI=
